
Microsoft Visual Studio Solution File, Format Version 12.00
# Visual Studio 14
VisualStudioVersion = 14.0.25420.1
MinimumVisualStudioVersion = 10.0.40219.1
Project("{2150E333-8FDC-42A3-9474-1A3956D46DE8}") = "ITOrm.Helper", "ITOrm.Helper", "{BFCE1F72-C8EB-435B-82AC-B4BCE6B06DC6}"
EndProject
Project("{2150E333-8FDC-42A3-9474-1A3956D46DE8}") = "ITOrm.DB", "ITOrm.DB", "{E38C185B-5660-446F-9B87-B43A4FB3FBD7}"
EndProject
Project("{2150E333-8FDC-42A3-9474-1A3956D46DE8}") = "ITOrm.UI", "ITOrm.UI", "{BC3F9A9E-D0D5-4E33-86B0-775B72755C6D}"
EndProject
Project("{2150E333-8FDC-42A3-9474-1A3956D46DE8}") = "ITOrm.Service", "ITOrm.Service", "{2C25120C-4598-4DF2-8B8E-4FD10CF46DD0}"
EndProject
Project("{FAE04EC0-301F-11D3-BF4B-00C04F79EFBC}") = "ITOrm.Manage", "ITOrm.UI\ITOrm.Manage\ITOrm.Manage.csproj", "{847C3794-9D12-4C4E-AC2A-3454F889D7BB}"
EndProject
Project("{FAE04EC0-301F-11D3-BF4B-00C04F79EFBC}") = "ITOrm.Utility", "ITOrm.Helper\ITOrm.Utility\ITOrm.Utility.csproj", "{1D0CB421-CBBD-4AE9-8055-2CA2A1BAD9FE}"
EndProject
Project("{FAE04EC0-301F-11D3-BF4B-00C04F79EFBC}") = "ITOrm.Core", "ITOrm.DB\ITOrm.Core\ITOrm.Core.csproj", "{3D4E242C-4B6A-4C0A-BDBD-44157D42252B}"
EndProject
Project("{FAE04EC0-301F-11D3-BF4B-00C04F79EFBC}") = "ITOrm.Core.Utility", "ITOrm.DB\ITOrm.Utility.UI\ITOrm.Core.Utility.csproj", "{7D6F1A81-0513-440B-A037-7A5D1D8AD68D}"
EndProject
Project("{FAE04EC0-301F-11D3-BF4B-00C04F79EFBC}") = "ITOrm.Host.Models", "ITOrm.DB\ITOrm.Host.Models\ITOrm.Host.Models.csproj", "{18CC4721-6267-4D05-A082-D59E5B02AA18}"
EndProject
Project("{FAE04EC0-301F-11D3-BF4B-00C04F79EFBC}") = "ITOrm.Host.DAL", "ITOrm.DB\ITOrm.Host.DAL\ITOrm.Host.DAL.csproj", "{5F486D46-F6CF-42A6-907B-FDA7F0E22FCB}"
EndProject
Project("{FAE04EC0-301F-11D3-BF4B-00C04F79EFBC}") = "ITOrm.Host.BLL", "ITOrm.DB\ITOrm.Host.BLL\ITOrm.Host.BLL.csproj", "{32E31BE7-104E-40F8-AF65-8B713085B275}"
EndProject
Project("{FAE04EC0-301F-11D3-BF4B-00C04F79EFBC}") = "ITOrm.Dapper", "ITOrm.DB\ITOrm.Dapper\ITOrm.Dapper.csproj", "{8DF4B937-082A-4839-A062-0038FCE5E128}"
EndProject
Project("{2150E333-8FDC-42A3-9474-1A3956D46DE8}") = "ITOrm.Demo", "ITOrm.Demo", "{34C3E21B-92F3-4A46-8811-4737C9747B27}"
EndProject
Project("{FAE04EC0-301F-11D3-BF4B-00C04F79EFBC}") = "ITOrm.Api", "ITOrm.Service\ITOrm.Api\ITOrm.Api.csproj", "{43B4E07E-9726-4F98-BD55-9A55250EB466}"
EndProject
Project("{FAE04EC0-301F-11D3-BF4B-00C04F79EFBC}") = "ITOrm.Ms.Models", "ITOrm.DB\ITOrm.EF.ModelsToMysql\ITOrm.Ms.Models.csproj", "{3EFE8614-E8D6-487A-A180-C372F857CA90}"
EndProject
Project("{FAE04EC0-301F-11D3-BF4B-00C04F79EFBC}") = "ITOrm.Mysql.Dao", "ITOrm.Mysql.Dao\ITOrm.Mysql.Dao.csproj", "{48C05ACE-FD80-4C78-AA05-F51CBB7371CD}"
EndProject
Project("{FAE04EC0-301F-11D3-BF4B-00C04F79EFBC}") = "AddUnitText", "ITOrm.Demo\AddUnitText\AddUnitText.csproj", "{172B8E2B-E09C-4723-A7DF-F83982A13DAC}"
EndProject
Project("{FAE04EC0-301F-11D3-BF4B-00C04F79EFBC}") = "ITOrm.Notice", "ITOrm.UI\ITOrm.Notice\ITOrm.Notice.csproj", "{5C15EAED-B2C7-40BD-8398-D8980F950E9A}"
EndProject
Project("{FAE04EC0-301F-11D3-BF4B-00C04F79EFBC}") = "ITOrm.AutoService", "ITOrm.UI\ITOrm.AutoService\ITOrm.AutoService.csproj", "{2D262D15-355F-4B81-8D66-6A13936087F0}"
EndProject
Project("{FAE04EC0-301F-11D3-BF4B-00C04F79EFBC}") = "ITOrm.Payment", "ITOrm.Helper\ITOrm.Payment\ITOrm.Payment.csproj", "{6D2C67F5-29AF-41FB-993D-E17BD0BD90D0}"
EndProject
Global
	GlobalSection(SolutionConfigurationPlatforms) = preSolution
		Debug|Any CPU = Debug|Any CPU
		Release|Any CPU = Release|Any CPU
	EndGlobalSection
	GlobalSection(ProjectConfigurationPlatforms) = postSolution
		{847C3794-9D12-4C4E-AC2A-3454F889D7BB}.Debug|Any CPU.ActiveCfg = Debug|Any CPU
		{847C3794-9D12-4C4E-AC2A-3454F889D7BB}.Debug|Any CPU.Build.0 = Debug|Any CPU
		{847C3794-9D12-4C4E-AC2A-3454F889D7BB}.Release|Any CPU.ActiveCfg = Release|Any CPU
		{847C3794-9D12-4C4E-AC2A-3454F889D7BB}.Release|Any CPU.Build.0 = Release|Any CPU
		{1D0CB421-CBBD-4AE9-8055-2CA2A1BAD9FE}.Debug|Any CPU.ActiveCfg = Debug|Any CPU
		{1D0CB421-CBBD-4AE9-8055-2CA2A1BAD9FE}.Debug|Any CPU.Build.0 = Debug|Any CPU
		{1D0CB421-CBBD-4AE9-8055-2CA2A1BAD9FE}.Release|Any CPU.ActiveCfg = Release|Any CPU
		{1D0CB421-CBBD-4AE9-8055-2CA2A1BAD9FE}.Release|Any CPU.Build.0 = Release|Any CPU
		{3D4E242C-4B6A-4C0A-BDBD-44157D42252B}.Debug|Any CPU.ActiveCfg = Debug|Any CPU
		{3D4E242C-4B6A-4C0A-BDBD-44157D42252B}.Debug|Any CPU.Build.0 = Debug|Any CPU
		{3D4E242C-4B6A-4C0A-BDBD-44157D42252B}.Release|Any CPU.ActiveCfg = Release|Any CPU
		{3D4E242C-4B6A-4C0A-BDBD-44157D42252B}.Release|Any CPU.Build.0 = Release|Any CPU
		{7D6F1A81-0513-440B-A037-7A5D1D8AD68D}.Debug|Any CPU.ActiveCfg = Debug|Any CPU
		{7D6F1A81-0513-440B-A037-7A5D1D8AD68D}.Debug|Any CPU.Build.0 = Debug|Any CPU
		{7D6F1A81-0513-440B-A037-7A5D1D8AD68D}.Release|Any CPU.ActiveCfg = Release|Any CPU
		{7D6F1A81-0513-440B-A037-7A5D1D8AD68D}.Release|Any CPU.Build.0 = Release|Any CPU
		{18CC4721-6267-4D05-A082-D59E5B02AA18}.Debug|Any CPU.ActiveCfg = Debug|Any CPU
		{18CC4721-6267-4D05-A082-D59E5B02AA18}.Debug|Any CPU.Build.0 = Debug|Any CPU
		{18CC4721-6267-4D05-A082-D59E5B02AA18}.Release|Any CPU.ActiveCfg = Release|Any CPU
		{18CC4721-6267-4D05-A082-D59E5B02AA18}.Release|Any CPU.Build.0 = Release|Any CPU
		{5F486D46-F6CF-42A6-907B-FDA7F0E22FCB}.Debug|Any CPU.ActiveCfg = Debug|Any CPU
		{5F486D46-F6CF-42A6-907B-FDA7F0E22FCB}.Debug|Any CPU.Build.0 = Debug|Any CPU
		{5F486D46-F6CF-42A6-907B-FDA7F0E22FCB}.Release|Any CPU.ActiveCfg = Release|Any CPU
		{5F486D46-F6CF-42A6-907B-FDA7F0E22FCB}.Release|Any CPU.Build.0 = Release|Any CPU
		{32E31BE7-104E-40F8-AF65-8B713085B275}.Debug|Any CPU.ActiveCfg = Debug|Any CPU
		{32E31BE7-104E-40F8-AF65-8B713085B275}.Debug|Any CPU.Build.0 = Debug|Any CPU
		{32E31BE7-104E-40F8-AF65-8B713085B275}.Release|Any CPU.ActiveCfg = Release|Any CPU
		{32E31BE7-104E-40F8-AF65-8B713085B275}.Release|Any CPU.Build.0 = Release|Any CPU
		{8DF4B937-082A-4839-A062-0038FCE5E128}.Debug|Any CPU.ActiveCfg = Debug|Any CPU
		{8DF4B937-082A-4839-A062-0038FCE5E128}.Debug|Any CPU.Build.0 = Debug|Any CPU
		{8DF4B937-082A-4839-A062-0038FCE5E128}.Release|Any CPU.ActiveCfg = Release|Any CPU
		{8DF4B937-082A-4839-A062-0038FCE5E128}.Release|Any CPU.Build.0 = Release|Any CPU
		{43B4E07E-9726-4F98-BD55-9A55250EB466}.Debug|Any CPU.ActiveCfg = Debug|Any CPU
		{43B4E07E-9726-4F98-BD55-9A55250EB466}.Debug|Any CPU.Build.0 = Debug|Any CPU
		{43B4E07E-9726-4F98-BD55-9A55250EB466}.Release|Any CPU.ActiveCfg = Release|Any CPU
		{43B4E07E-9726-4F98-BD55-9A55250EB466}.Release|Any CPU.Build.0 = Release|Any CPU
		{3EFE8614-E8D6-487A-A180-C372F857CA90}.Debug|Any CPU.ActiveCfg = Debug|Any CPU
		{3EFE8614-E8D6-487A-A180-C372F857CA90}.Debug|Any CPU.Build.0 = Debug|Any CPU
		{3EFE8614-E8D6-487A-A180-C372F857CA90}.Release|Any CPU.ActiveCfg = Release|Any CPU
		{3EFE8614-E8D6-487A-A180-C372F857CA90}.Release|Any CPU.Build.0 = Release|Any CPU
		{48C05ACE-FD80-4C78-AA05-F51CBB7371CD}.Debug|Any CPU.ActiveCfg = Debug|Any CPU
		{48C05ACE-FD80-4C78-AA05-F51CBB7371CD}.Debug|Any CPU.Build.0 = Debug|Any CPU
		{48C05ACE-FD80-4C78-AA05-F51CBB7371CD}.Release|Any CPU.ActiveCfg = Release|Any CPU
		{48C05ACE-FD80-4C78-AA05-F51CBB7371CD}.Release|Any CPU.Build.0 = Release|Any CPU
		{172B8E2B-E09C-4723-A7DF-F83982A13DAC}.Debug|Any CPU.ActiveCfg = Debug|Any CPU
		{172B8E2B-E09C-4723-A7DF-F83982A13DAC}.Debug|Any CPU.Build.0 = Debug|Any CPU
		{172B8E2B-E09C-4723-A7DF-F83982A13DAC}.Release|Any CPU.ActiveCfg = Release|Any CPU
		{172B8E2B-E09C-4723-A7DF-F83982A13DAC}.Release|Any CPU.Build.0 = Release|Any CPU
		{5C15EAED-B2C7-40BD-8398-D8980F950E9A}.Debug|Any CPU.ActiveCfg = Debug|Any CPU
		{5C15EAED-B2C7-40BD-8398-D8980F950E9A}.Debug|Any CPU.Build.0 = Debug|Any CPU
		{5C15EAED-B2C7-40BD-8398-D8980F950E9A}.Release|Any CPU.ActiveCfg = Release|Any CPU
		{5C15EAED-B2C7-40BD-8398-D8980F950E9A}.Release|Any CPU.Build.0 = Release|Any CPU
		{2D262D15-355F-4B81-8D66-6A13936087F0}.Debug|Any CPU.ActiveCfg = Debug|Any CPU
		{2D262D15-355F-4B81-8D66-6A13936087F0}.Debug|Any CPU.Build.0 = Debug|Any CPU
		{2D262D15-355F-4B81-8D66-6A13936087F0}.Release|Any CPU.ActiveCfg = Release|Any CPU
		{2D262D15-355F-4B81-8D66-6A13936087F0}.Release|Any CPU.Build.0 = Release|Any CPU
		{6D2C67F5-29AF-41FB-993D-E17BD0BD90D0}.Debug|Any CPU.ActiveCfg = Debug|Any CPU
		{6D2C67F5-29AF-41FB-993D-E17BD0BD90D0}.Debug|Any CPU.Build.0 = Debug|Any CPU
		{6D2C67F5-29AF-41FB-993D-E17BD0BD90D0}.Release|Any CPU.ActiveCfg = Release|Any CPU
		{6D2C67F5-29AF-41FB-993D-E17BD0BD90D0}.Release|Any CPU.Build.0 = Release|Any CPU
	EndGlobalSection
	GlobalSection(SolutionProperties) = preSolution
		HideSolutionNode = FALSE
	EndGlobalSection
	GlobalSection(NestedProjects) = preSolution
		{847C3794-9D12-4C4E-AC2A-3454F889D7BB} = {BC3F9A9E-D0D5-4E33-86B0-775B72755C6D}
		{1D0CB421-CBBD-4AE9-8055-2CA2A1BAD9FE} = {BFCE1F72-C8EB-435B-82AC-B4BCE6B06DC6}
		{3D4E242C-4B6A-4C0A-BDBD-44157D42252B} = {E38C185B-5660-446F-9B87-B43A4FB3FBD7}
		{7D6F1A81-0513-440B-A037-7A5D1D8AD68D} = {E38C185B-5660-446F-9B87-B43A4FB3FBD7}
		{18CC4721-6267-4D05-A082-D59E5B02AA18} = {E38C185B-5660-446F-9B87-B43A4FB3FBD7}
		{5F486D46-F6CF-42A6-907B-FDA7F0E22FCB} = {E38C185B-5660-446F-9B87-B43A4FB3FBD7}
		{32E31BE7-104E-40F8-AF65-8B713085B275} = {E38C185B-5660-446F-9B87-B43A4FB3FBD7}
		{8DF4B937-082A-4839-A062-0038FCE5E128} = {E38C185B-5660-446F-9B87-B43A4FB3FBD7}
		{43B4E07E-9726-4F98-BD55-9A55250EB466} = {2C25120C-4598-4DF2-8B8E-4FD10CF46DD0}
		{3EFE8614-E8D6-487A-A180-C372F857CA90} = {E38C185B-5660-446F-9B87-B43A4FB3FBD7}
		{48C05ACE-FD80-4C78-AA05-F51CBB7371CD} = {E38C185B-5660-446F-9B87-B43A4FB3FBD7}
		{172B8E2B-E09C-4723-A7DF-F83982A13DAC} = {34C3E21B-92F3-4A46-8811-4737C9747B27}
		{5C15EAED-B2C7-40BD-8398-D8980F950E9A} = {BC3F9A9E-D0D5-4E33-86B0-775B72755C6D}
		{2D262D15-355F-4B81-8D66-6A13936087F0} = {BC3F9A9E-D0D5-4E33-86B0-775B72755C6D}
		{6D2C67F5-29AF-41FB-993D-E17BD0BD90D0} = {BFCE1F72-C8EB-435B-82AC-B4BCE6B06DC6}
	EndGlobalSection
EndGlobal
